
Microsoft Visual Studio Solution File, Format Version 12.00
# Visual Studio Version 17
VisualStudioVersion = 17.4.33213.308
MinimumVisualStudioVersion = 10.0.40219.1
Project("{FAE04EC0-301F-11D3-BF4B-00C04F79EFBC}") = "WarehouseProj", "WarehouseProj\WarehouseProj.csproj", "{40F92A88-8510-4153-A2A3-DC2095D4C197}"
EndProject
Global
	GlobalSection(SolutionConfigurationPlatforms) = preSolution
		Debug|Any CPU = Debug|Any CPU
		Release|Any CPU = Release|Any CPU
	EndGlobalSection
	GlobalSection(ProjectConfigurationPlatforms) = postSolution
		{40F92A88-8510-4153-A2A3-DC2095D4C197}.Debug|Any CPU.ActiveCfg = Debug|Any CPU
		{40F92A88-8510-4153-A2A3-DC2095D4C197}.Debug|Any CPU.Build.0 = Debug|Any CPU
		{40F92A88-8510-4153-A2A3-DC2095D4C197}.Release|Any CPU.ActiveCfg = Release|Any CPU
		{40F92A88-8510-4153-A2A3-DC2095D4C197}.Release|Any CPU.Build.0 = Release|Any CPU
	EndGlobalSection
	GlobalSection(SolutionProperties) = preSolution
		HideSolutionNode = FALSE
	EndGlobalSection
	GlobalSection(ExtensibilityGlobals) = postSolution
		SolutionGuid = {A8D2D97B-2A31-4BE0-8E7A-208AD6356DF9}
	EndGlobalSection
EndGlobal
